
Microsoft Visual Studio Solution File, Format Version 12.00
# Visual Studio Version 16
VisualStudioVersion = 16.0.30503.244
MinimumVisualStudioVersion = 10.0.40219.1
Project("{FAE04EC0-301F-11D3-BF4B-00C04F79EFBC}") = "AspNetCore.CustomHeaderMiddleware", "AspNetCore.CustomHeaderMiddleware\AspNetCore.CustomHeaderMiddleware.csproj", "{5010015C-CF12-4108-8C69-3FEE6AD91D13}"
EndProject
Global
	GlobalSection(SolutionConfigurationPlatforms) = preSolution
		Debug|Any CPU = Debug|Any CPU
		Release|Any CPU = Release|Any CPU
	EndGlobalSection
	GlobalSection(ProjectConfigurationPlatforms) = postSolution
		{5010015C-CF12-4108-8C69-3FEE6AD91D13}.Debug|Any CPU.ActiveCfg = Debug|Any CPU
		{5010015C-CF12-4108-8C69-3FEE6AD91D13}.Debug|Any CPU.Build.0 = Debug|Any CPU
		{5010015C-CF12-4108-8C69-3FEE6AD91D13}.Release|Any CPU.ActiveCfg = Release|Any CPU
		{5010015C-CF12-4108-8C69-3FEE6AD91D13}.Release|Any CPU.Build.0 = Release|Any CPU
	EndGlobalSection
	GlobalSection(SolutionProperties) = preSolution
		HideSolutionNode = FALSE
	EndGlobalSection
	GlobalSection(ExtensibilityGlobals) = postSolution
		SolutionGuid = {0A797CE7-9622-42A3-BE98-65C0FB5845FB}
	EndGlobalSection
EndGlobal
